
Microsoft Visual Studio Solution File, Format Version 12.00
# Visual Studio Version 16
VisualStudioVersion = 16.0.29411.108
MinimumVisualStudioVersion = 10.0.40219.1
Project("{F184B08F-C81C-45F6-A57F-5ABD9991F28F}") = "1754bWaller2F", "1754bWaller2F\1754bWaller2F.vbproj", "{EE68EC62-BDDC-4B7D-BF86-59B739B7BF57}"
EndProject
Project("{F184B08F-C81C-45F6-A57F-5ABD9991F28F}") = "1714bwaller2G", "..\1714bwaller2G\1714bwaller2G.vbproj", "{C782E081-29A0-49B4-916C-6835D45605EB}"
EndProject
Project("{F184B08F-C81C-45F6-A57F-5ABD9991F28F}") = "1714bWaller2H", "1714bWaller2H\1714bWaller2H.vbproj", "{632AC42A-BA60-42E4-92DC-338E7BFEB788}"
EndProject
Project("{F184B08F-C81C-45F6-A57F-5ABD9991F28F}") = "1714bWaller3A1", "1714bWaller3A1\1714bWaller3A1.vbproj", "{7F6A36AC-D8B4-4DA8-A32C-249F54852DC8}"
EndProject
Project("{9A19103F-16F7-4668-BE54-9A1E7A4F7556}") = "1714bWaller3A", "1714bWaller3A\1714bWaller3A.csproj", "{31FB23F0-C630-4B3B-AAAE-1F344BED3513}"
EndProject
Project("{FAE04EC0-301F-11D3-BF4B-00C04F79EFBC}") = "1714bWaller3a2", "1714bWaller3a2\1714bWaller3a2.csproj", "{50AC1A5C-7166-43D3-8D50-13064FFD1248}"
EndProject
Project("{FAE04EC0-301F-11D3-BF4B-00C04F79EFBC}") = "1714bWallerEx3b1", "1714bWallerEx3b1\1714bWallerEx3b1.csproj", "{67124ECF-11E0-46DD-A06C-2BA08CF2C3A5}"
EndProject
Project("{FAE04EC0-301F-11D3-BF4B-00C04F79EFBC}") = "1714bWallerex3b2", "1714bWallerex3b2\1714bWallerex3b2.csproj", "{E08A4AF7-9566-409F-A9BF-E7248FEA0946}"
EndProject
Global
	GlobalSection(SolutionConfigurationPlatforms) = preSolution
		Debug|Any CPU = Debug|Any CPU
		Release|Any CPU = Release|Any CPU
	EndGlobalSection
	GlobalSection(ProjectConfigurationPlatforms) = postSolution
		{EE68EC62-BDDC-4B7D-BF86-59B739B7BF57}.Debug|Any CPU.ActiveCfg = Debug|Any CPU
		{EE68EC62-BDDC-4B7D-BF86-59B739B7BF57}.Debug|Any CPU.Build.0 = Debug|Any CPU
		{EE68EC62-BDDC-4B7D-BF86-59B739B7BF57}.Release|Any CPU.ActiveCfg = Release|Any CPU
		{EE68EC62-BDDC-4B7D-BF86-59B739B7BF57}.Release|Any CPU.Build.0 = Release|Any CPU
		{C782E081-29A0-49B4-916C-6835D45605EB}.Debug|Any CPU.ActiveCfg = Debug|Any CPU
		{C782E081-29A0-49B4-916C-6835D45605EB}.Debug|Any CPU.Build.0 = Debug|Any CPU
		{C782E081-29A0-49B4-916C-6835D45605EB}.Release|Any CPU.ActiveCfg = Release|Any CPU
		{C782E081-29A0-49B4-916C-6835D45605EB}.Release|Any CPU.Build.0 = Release|Any CPU
		{632AC42A-BA60-42E4-92DC-338E7BFEB788}.Debug|Any CPU.ActiveCfg = Debug|Any CPU
		{632AC42A-BA60-42E4-92DC-338E7BFEB788}.Debug|Any CPU.Build.0 = Debug|Any CPU
		{632AC42A-BA60-42E4-92DC-338E7BFEB788}.Release|Any CPU.ActiveCfg = Release|Any CPU
		{632AC42A-BA60-42E4-92DC-338E7BFEB788}.Release|Any CPU.Build.0 = Release|Any CPU
		{7F6A36AC-D8B4-4DA8-A32C-249F54852DC8}.Debug|Any CPU.ActiveCfg = Debug|Any CPU
		{7F6A36AC-D8B4-4DA8-A32C-249F54852DC8}.Debug|Any CPU.Build.0 = Debug|Any CPU
		{7F6A36AC-D8B4-4DA8-A32C-249F54852DC8}.Release|Any CPU.ActiveCfg = Release|Any CPU
		{7F6A36AC-D8B4-4DA8-A32C-249F54852DC8}.Release|Any CPU.Build.0 = Release|Any CPU
		{31FB23F0-C630-4B3B-AAAE-1F344BED3513}.Debug|Any CPU.ActiveCfg = Debug|Any CPU
		{31FB23F0-C630-4B3B-AAAE-1F344BED3513}.Debug|Any CPU.Build.0 = Debug|Any CPU
		{31FB23F0-C630-4B3B-AAAE-1F344BED3513}.Release|Any CPU.ActiveCfg = Release|Any CPU
		{31FB23F0-C630-4B3B-AAAE-1F344BED3513}.Release|Any CPU.Build.0 = Release|Any CPU
		{50AC1A5C-7166-43D3-8D50-13064FFD1248}.Debug|Any CPU.ActiveCfg = Debug|Any CPU
		{50AC1A5C-7166-43D3-8D50-13064FFD1248}.Debug|Any CPU.Build.0 = Debug|Any CPU
		{50AC1A5C-7166-43D3-8D50-13064FFD1248}.Release|Any CPU.ActiveCfg = Release|Any CPU
		{50AC1A5C-7166-43D3-8D50-13064FFD1248}.Release|Any CPU.Build.0 = Release|Any CPU
		{67124ECF-11E0-46DD-A06C-2BA08CF2C3A5}.Debug|Any CPU.ActiveCfg = Debug|Any CPU
		{67124ECF-11E0-46DD-A06C-2BA08CF2C3A5}.Debug|Any CPU.Build.0 = Debug|Any CPU
		{67124ECF-11E0-46DD-A06C-2BA08CF2C3A5}.Release|Any CPU.ActiveCfg = Release|Any CPU
		{67124ECF-11E0-46DD-A06C-2BA08CF2C3A5}.Release|Any CPU.Build.0 = Release|Any CPU
		{E08A4AF7-9566-409F-A9BF-E7248FEA0946}.Debug|Any CPU.ActiveCfg = Debug|Any CPU
		{E08A4AF7-9566-409F-A9BF-E7248FEA0946}.Debug|Any CPU.Build.0 = Debug|Any CPU
		{E08A4AF7-9566-409F-A9BF-E7248FEA0946}.Release|Any CPU.ActiveCfg = Release|Any CPU
		{E08A4AF7-9566-409F-A9BF-E7248FEA0946}.Release|Any CPU.Build.0 = Release|Any CPU
	EndGlobalSection
	GlobalSection(SolutionProperties) = preSolution
		HideSolutionNode = FALSE
	EndGlobalSection
	GlobalSection(ExtensibilityGlobals) = postSolution
		SolutionGuid = {732909E1-5427-4BD3-8596-00D077F8162E}
	EndGlobalSection
EndGlobal
